
Microsoft Visual Studio Solution File, Format Version 12.00
# Visual Studio 15
VisualStudioVersion = 15.0.26430.16
MinimumVisualStudioVersion = 10.0.40219.1
Project("{FAE04EC0-301F-11D3-BF4B-00C04F79EFBC}") = "WallpaperChanger", "WallpaperChanger\WallpaperChanger.csproj", "{90DA53C5-79CE-47AE-9C7D-B1494C64EDFC}"
EndProject
Global
	GlobalSection(SolutionConfigurationPlatforms) = preSolution
		Debug|Any CPU = Debug|Any CPU
		Release|Any CPU = Release|Any CPU
	EndGlobalSection
	GlobalSection(ProjectConfigurationPlatforms) = postSolution
		{90DA53C5-79CE-47AE-9C7D-B1494C64EDFC}.Debug|Any CPU.ActiveCfg = Debug|Any CPU
		{90DA53C5-79CE-47AE-9C7D-B1494C64EDFC}.Debug|Any CPU.Build.0 = Debug|Any CPU
		{90DA53C5-79CE-47AE-9C7D-B1494C64EDFC}.Release|Any CPU.ActiveCfg = Release|Any CPU
		{90DA53C5-79CE-47AE-9C7D-B1494C64EDFC}.Release|Any CPU.Build.0 = Release|Any CPU
	EndGlobalSection
	GlobalSection(SolutionProperties) = preSolution
		HideSolutionNode = FALSE
	EndGlobalSection
EndGlobal
